
Microsoft Visual Studio Solution File, Format Version 12.00
# Visual Studio Version 16
VisualStudioVersion = 16.0.31624.102
MinimumVisualStudioVersion = 10.0.40219.1
Project("{FAE04EC0-301F-11D3-BF4B-00C04F79EFBC}") = "WebshopAPI", "WebshopAPI\WebshopAPI.csproj", "{96034F72-400D-42B4-B263-461C515DFFDB}"
EndProject
Global
	GlobalSection(SolutionConfigurationPlatforms) = preSolution
		Debug|Any CPU = Debug|Any CPU
		Release|Any CPU = Release|Any CPU
	EndGlobalSection
	GlobalSection(ProjectConfigurationPlatforms) = postSolution
		{96034F72-400D-42B4-B263-461C515DFFDB}.Debug|Any CPU.ActiveCfg = Debug|Any CPU
		{96034F72-400D-42B4-B263-461C515DFFDB}.Debug|Any CPU.Build.0 = Debug|Any CPU
		{96034F72-400D-42B4-B263-461C515DFFDB}.Release|Any CPU.ActiveCfg = Release|Any CPU
		{96034F72-400D-42B4-B263-461C515DFFDB}.Release|Any CPU.Build.0 = Release|Any CPU
	EndGlobalSection
	GlobalSection(SolutionProperties) = preSolution
		HideSolutionNode = FALSE
	EndGlobalSection
	GlobalSection(ExtensibilityGlobals) = postSolution
		SolutionGuid = {8EB50D77-8DD7-40E4-BDA9-85CCFFCB3B46}
	EndGlobalSection
EndGlobal
